
Microsoft Visual Studio Solution File, Format Version 12.00
# Visual Studio Version 17
VisualStudioVersion = 17.14.37216.2 d17.14
MinimumVisualStudioVersion = 10.0.40219.1
Project("{FAE04EC0-301F-11D3-BF4B-00C04F79EFBC}") = "Trabajozoo", "Trabajozoo.csproj", "{7A137E4D-D078-4019-931C-F3085056D478}"
EndProject
Global
	GlobalSection(SolutionConfigurationPlatforms) = preSolution
		Debug|Any CPU = Debug|Any CPU
		Release|Any CPU = Release|Any CPU
	EndGlobalSection
	GlobalSection(ProjectConfigurationPlatforms) = postSolution
		{7A137E4D-D078-4019-931C-F3085056D478}.Debug|Any CPU.ActiveCfg = Debug|Any CPU
		{7A137E4D-D078-4019-931C-F3085056D478}.Debug|Any CPU.Build.0 = Debug|Any CPU
		{7A137E4D-D078-4019-931C-F3085056D478}.Release|Any CPU.ActiveCfg = Release|Any CPU
		{7A137E4D-D078-4019-931C-F3085056D478}.Release|Any CPU.Build.0 = Release|Any CPU
	EndGlobalSection
	GlobalSection(SolutionProperties) = preSolution
		HideSolutionNode = FALSE
	EndGlobalSection
	GlobalSection(ExtensibilityGlobals) = postSolution
		SolutionGuid = {0A668115-D6EB-44DC-A6A5-C340A8F8479D}
	EndGlobalSection
EndGlobal
